// !$*UTF8*$!
{
	archiveVersion = 1;
	classes = {
	};
	objectVersion = 46;
	objects = {

/* Begin PBXBuildFile section */
		09C8CD6D1E0AD7A10097D674 /* AppDelegate.swift in Sources */ = {isa = PBXBuildFile; fileRef = 09C8CD6C1E0AD7A10097D674 /* AppDelegate.swift */; };
		09C8CD6F1E0AD7A10097D674 /* ViewController.swift in Sources */ = {isa = PBXBuildFile; fileRef = 09C8CD6E1E0AD7A10097D674 /* ViewController.swift */; };
		09C8CD721E0AD7A10097D674 /* Main.storyboard in Resources */ = {isa = PBXBuildFile; fileRef = 09C8CD701E0AD7A10097D674 /* Main.storyboard */; };
		09C8CD751E0AD7A10097D674 /* UdemyAcordes.xcdatamodeld in Sources */ = {isa = PBXBuildFile; fileRef = 09C8CD731E0AD7A10097D674 /* UdemyAcordes.xcdatamodeld */; };
		09C8CD771E0AD7A10097D674 /* Assets.xcassets in Resources */ = {isa = PBXBuildFile; fileRef = 09C8CD761E0AD7A10097D674 /* Assets.xcassets */; };
		09C8CD7A1E0AD7A10097D674 /* LaunchScreen.storyboard in Resources */ = {isa = PBXBuildFile; fileRef = 09C8CD781E0AD7A10097D674 /* LaunchScreen.storyboard */; };
		09C8CD851E0AD7A10097D674 /* UdemyAcordesTests.swift in Sources */ = {isa = PBXBuildFile; fileRef = 09C8CD841E0AD7A10097D674 /* UdemyAcordesTests.swift */; };
		09C8CD901E0AD7A10097D674 /* UdemyAcordesUITests.swift in Sources */ = {isa = PBXBuildFile; fileRef = 09C8CD8F1E0AD7A10097D674 /* UdemyAcordesUITests.swift */; };
/* End PBXBuildFile section */

/* Begin PBXContainerItemProxy section */
		09C8CD811E0AD7A10097D674 /* PBXContainerItemProxy */ = {
			isa = PBXContainerItemProxy;
			containerPortal = 09C8CD611E0AD7A10097D674 /* Project object */;
			proxyType = 1;
			remoteGlobalIDString = 09C8CD681E0AD7A10097D674;
			remoteInfo = UdemyAcordes;
		};
		09C8CD8C1E0AD7A10097D674 /* PBXContainerItemProxy */ = {
			isa = PBXContainerItemProxy;
			containerPortal = 09C8CD611E0AD7A10097D674 /* Project object */;
			proxyType = 1;
			remoteGlobalIDString = 09C8CD681E0AD7A10097D674;
			remoteInfo = UdemyAcordes;
		};
/* End PBXContainerItemProxy section */

/* Begin PBXFileReference section */
		09C8CD691E0AD7A10097D674 /* UdemyAcordes.app */ = {isa = PBXFileReference; explicitFileType = wrapper.application; includeInIndex = 0; path = UdemyAcordes.app; sourceTree = BUILT_PRODUCTS_DIR; };
		09C8CD6C1E0AD7A10097D674 /* AppDelegate.swift */ = {isa = PBXFileReference; lastKnownFileType = sourcecode.swift; path = AppDelegate.swift; sourceTree = "<group>"; };
		09C8CD6E1E0AD7A10097D674 /* ViewController.swift */ = {isa = PBXFileReference; lastKnownFileType = sourcecode.swift; path = ViewController.swift; sourceTree = "<group>"; };
		09C8CD711E0AD7A10097D674 /* Base */ = {isa = PBXFileReference; lastKnownFileType = file.storyboard; name = Base; path = Base.lproj/Main.storyboard; sourceTree = "<group>"; };
		09C8CD741E0AD7A10097D674 /* UdemyAcordes.xcdatamodel */ = {isa = PBXFileReference; lastKnownFileType = wrapper.xcdatamodel; path = UdemyAcordes.xcdatamodel; sourceTree = "<group>"; };
		09C8CD761E0AD7A10097D674 /* Assets.xcassets */ = {isa = PBXFileReference; lastKnownFileType = folder.assetcatalog; path = Assets.xcassets; sourceTree = "<group>"; };
		09C8CD791E0AD7A10097D674 /* Base */ = {isa = PBXFileReference; lastKnownFileType = file.storyboard; name = Base; path = Base.lproj/LaunchScreen.storyboard; sourceTree = "<group>"; };
		09C8CD7B1E0AD7A10097D674 /* Info.plist */ = {isa = PBXFileReference; lastKnownFileType = text.plist.xml; path = Info.plist; sourceTree = "<group>"; };
		09C8CD801E0AD7A10097D674 /* UdemyAcordesTests.xctest */ = {isa = PBXFileReference; explicitFileType = wrapper.cfbundle; includeInIndex = 0; path = UdemyAcordesTests.xctest; sourceTree = BUILT_PRODUCTS_DIR; };
		09C8CD841E0AD7A10097D674 /* UdemyAcordesTests.swift */ = {isa = PBXFileReference; lastKnownFileType = sourcecode.swift; path = UdemyAcordesTests.swift; sourceTree = "<group>"; };
		09C8CD861E0AD7A10097D674 /* Info.plist */ = {isa = PBXFileReference; lastKnownFileType = text.plist.xml; path = Info.plist; sourceTree = "<group>"; };
		09C8CD8B1E0AD7A10097D674 /* UdemyAcordesUITests.xctest */ = {isa = PBXFileReference; explicitFileType = wrapper.cfbundle; includeInIndex = 0; path = UdemyAcordesUITests.xctest; sourceTree = BUILT_PRODUCTS_DIR; };
		09C8CD8F1E0AD7A10097D674 /* UdemyAcordesUITests.swift */ = {isa = PBXFileReference; lastKnownFileType = sourcecode.swift; path = UdemyAcordesUITests.swift; sourceTree = "<group>"; };
		09C8CD911E0AD7A10097D674 /* Info.plist */ = {isa = PBXFileReference; lastKnownFileType = text.plist.xml; path = Info.plist; sourceTree = "<group>"; };
/* End PBXFileReference section */

/* Begin PBXFrameworksBuildPhase section */
		09C8CD661E0AD7A10097D674 /* Frameworks */ = {
			isa = PBXFrameworksBuildPhase;
			buildActionMask = 2147483647;
			files = (
			);
			runOnlyForDeploymentPostprocessing = 0;
		};
		09C8CD7D1E0AD7A10097D674 /* Frameworks */ = {
			isa = PBXFrameworksBuildPhase;
			buildActionMask = 2147483647;
			files = (
			);
			runOnlyForDeploymentPostprocessing = 0;
		};
		09C8CD881E0AD7A10097D674 /* Frameworks */ = {
			isa = PBXFrameworksBuildPhase;
			buildActionMask = 2147483647;
			files = (
			);
			runOnlyForDeploymentPostprocessing = 0;
		};
/* End PBXFrameworksBuildPhase section */

/* Begin PBXGroup section */
		09C8CD601E0AD7A10097D674 = {
			isa = PBXGroup;
			children = (
				09C8CD6B1E0AD7A10097D674 /* UdemyAcordes */,
				09C8CD831E0AD7A10097D674 /* UdemyAcordesTests */,
				09C8CD8E1E0AD7A10097D674 /* UdemyAcordesUITests */,
				09C8CD6A1E0AD7A10097D674 /* Products */,
			);
			sourceTree = "<group>";
		};
		09C8CD6A1E0AD7A10097D674 /* Products */ = {
			isa = PBXGroup;
			children = (
				09C8CD691E0AD7A10097D674 /* UdemyAcordes.app */,
				09C8CD801E0AD7A10097D674 /* UdemyAcordesTests.xctest */,
				09C8CD8B1E0AD7A10097D674 /* UdemyAcordesUITests.xctest */,
			);
			name = Products;
			sourceTree = "<group>";
		};
		09C8CD6B1E0AD7A10097D674 /* UdemyAcordes */ = {
			isa = PBXGroup;
			children = (
				09C8CD6C1E0AD7A10097D674 /* AppDelegate.swift */,
				09C8CD6E1E0AD7A10097D674 /* ViewController.swift */,
				09C8CD701E0AD7A10097D674 /* Main.storyboard */,
				09C8CD761E0AD7A10097D674 /* Assets.xcassets */,
				09C8CD781E0AD7A10097D674 /* LaunchScreen.storyboard */,
				09C8CD7B1E0AD7A10097D674 /* Info.plist */,
				09C8CD731E0AD7A10097D674 /* UdemyAcordes.xcdatamodeld */,
			);
			path = UdemyAcordes;
			sourceTree = "<group>";
		};
		09C8CD831E0AD7A10097D674 /* UdemyAcordesTests */ = {
			isa = PBXGroup;
			children = (
				09C8CD841E0AD7A10097D674 /* UdemyAcordesTests.swift */,
				09C8CD861E0AD7A10097D674 /* Info.plist */,
			);
			path = UdemyAcordesTests;
			sourceTree = "<group>";
		};
		09C8CD8E1E0AD7A10097D674 /* UdemyAcordesUITests */ = {
			isa = PBXGroup;
			children = (
				09C8CD8F1E0AD7A10097D674 /* UdemyAcordesUITests.swift */,
				09C8CD911E0AD7A10097D674 /* Info.plist */,
			);
			path = UdemyAcordesUITests;
			sourceTree = "<group>";
		};
/* End PBXGroup section */

/* Begin PBXNativeTarget section */
		09C8CD681E0AD7A10097D674 /* UdemyAcordes */ = {
			isa = PBXNativeTarget;
			buildConfigurationList = 09C8CD941E0AD7A10097D674 /* Build configuration list for PBXNativeTarget "UdemyAcordes" */;
			buildPhases = (
				09C8CD651E0AD7A10097D674 /* Sources */,
				09C8CD661E0AD7A10097D674 /* Frameworks */,
				09C8CD671E0AD7A10097D674 /* Resources */,
			);
			buildRules = (
			);
			dependencies = (
			);
			name = UdemyAcordes;
			productName = UdemyAcordes;
			productReference = 09C8CD691E0AD7A10097D674 /* UdemyAcordes.app */;
			productType = "com.apple.product-type.application";
		};
		09C8CD7F1E0AD7A10097D674 /* UdemyAcordesTests */ = {
			isa = PBXNativeTarget;
			buildConfigurationList = 09C8CD971E0AD7A10097D674 /* Build configuration list for PBXNativeTarget "UdemyAcordesTests" */;
			buildPhases = (
				09C8CD7C1E0AD7A10097D674 /* Sources */,
				09C8CD7D1E0AD7A10097D674 /* Frameworks */,
				09C8CD7E1E0AD7A10097D674 /* Resources */,
			);
			buildRules = (
			);
			dependencies = (
				09C8CD821E0AD7A10097D674 /* PBXTargetDependency */,
			);
			name = UdemyAcordesTests;
			productName = UdemyAcordesTests;
			productReference = 09C8CD801E0AD7A10097D674 /* UdemyAcordesTests.xctest */;
			productType = "com.apple.product-type.bundle.unit-test";
		};
		09C8CD8A1E0AD7A10097D674 /* UdemyAcordesUITests */ = {
			isa = PBXNativeTarget;
			buildConfigurationList = 09C8CD9A1E0AD7A10097D674 /* Build configuration list for PBXNativeTarget "UdemyAcordesUITests" */;
			buildPhases = (
				09C8CD871E0AD7A10097D674 /* Sources */,
				09C8CD881E0AD7A10097D674 /* Frameworks */,
				09C8CD891E0AD7A10097D674 /* Resources */,
			);
			buildRules = (
			);
			dependencies = (
				09C8CD8D1E0AD7A10097D674 /* PBXTargetDependency */,
			);
			name = UdemyAcordesUITests;
			productName = UdemyAcordesUITests;
			productReference = 09C8CD8B1E0AD7A10097D674 /* UdemyAcordesUITests.xctest */;
			productType = "com.apple.product-type.bundle.ui-testing";
		};
/* End PBXNativeTarget section */

/* Begin PBXProject section */
		09C8CD611E0AD7A10097D674 /* Project object */ = {
			isa = PBXProject;
			attributes = {
				LastSwiftUpdateCheck = 0820;
				LastUpgradeCheck = 0820;
				ORGANIZATIONNAME = BearCreekMining;
				TargetAttributes = {
					09C8CD681E0AD7A10097D674 = {
						CreatedOnToolsVersion = 8.2;
						DevelopmentTeam = MSY85QY2GC;
						ProvisioningStyle = Automatic;
					};
					09C8CD7F1E0AD7A10097D674 = {
						CreatedOnToolsVersion = 8.2;
						DevelopmentTeam = MSY85QY2GC;
						ProvisioningStyle = Automatic;
						TestTargetID = 09C8CD681E0AD7A10097D674;
					};
					09C8CD8A1E0AD7A10097D674 = {
						CreatedOnToolsVersion = 8.2;
						DevelopmentTeam = MSY85QY2GC;
						ProvisioningStyle = Automatic;
						TestTargetID = 09C8CD681E0AD7A10097D674;
					};
				};
			};
			buildConfigurationList = 09C8CD641E0AD7A10097D674 /* Build configuration list for PBXProject "UdemyAcordes" */;
			compatibilityVersion = "Xcode 3.2";
			developmentRegion = English;
			hasScannedForEncodings = 0;
			knownRegions = (
				en,
				Base,
			);
			mainGroup = 09C8CD601E0AD7A10097D674;
			productRefGroup = 09C8CD6A1E0AD7A10097D674 /* Products */;
			projectDirPath = "";
			projectRoot = "";
			targets = (
				09C8CD681E0AD7A10097D674 /* UdemyAcordes */,
				09C8CD7F1E0AD7A10097D674 /* UdemyAcordesTests */,
				09C8CD8A1E0AD7A10097D674 /* UdemyAcordesUITests */,
			);
		};
/* End PBXProject section */

/* Begin PBXResourcesBuildPhase section */
		09C8CD671E0AD7A10097D674 /* Resources */ = {
			isa = PBXResourcesBuildPhase;
			buildActionMask = 2147483647;
			files = (
				09C8CD7A1E0AD7A10097D674 /* LaunchScreen.storyboard in Resources */,
				09C8CD771E0AD7A10097D674 /* Assets.xcassets in Resources */,
				09C8CD721E0AD7A10097D674 /* Main.storyboard in Resources */,
			);
			runOnlyForDeploymentPostprocessing = 0;
		};
		09C8CD7E1E0AD7A10097D674 /* Resources */ = {
			isa = PBXResourcesBuildPhase;
			buildActionMask = 2147483647;
			files = (
			);
			runOnlyForDeploymentPostprocessing = 0;
		};
		09C8CD891E0AD7A10097D674 /* Resources */ = {
			isa = PBXResourcesBuildPhase;
			buildActionMask = 2147483647;
			files = (
			);
			runOnlyForDeploymentPostprocessing = 0;
		};
/* End PBXResourcesBuildPhase section */

/* Begin PBXSourcesBuildPhase section */
		09C8CD651E0AD7A10097D674 /* Sources */ = {
			isa = PBXSourcesBuildPhase;
			buildActionMask = 2147483647;
			files = (
				09C8CD6F1E0AD7A10097D674 /* ViewController.swift in Sources */,
				09C8CD6D1E0AD7A10097D674 /* AppDelegate.swift in Sources */,
				09C8CD751E0AD7A10097D674 /* UdemyAcordes.xcdatamodeld in Sources */,
			);
			runOnlyForDeploymentPostprocessing = 0;
		};
		09C8CD7C1E0AD7A10097D674 /* Sources */ = {
			isa = PBXSourcesBuildPhase;
			buildActionMask = 2147483647;
			files = (
				09C8CD851E0AD7A10097D674 /* UdemyAcordesTests.swift in Sources */,
			);
			runOnlyForDeploymentPostprocessing = 0;
		};
		09C8CD871E0AD7A10097D674 /* Sources */ = {
			isa = PBXSourcesBuildPhase;
			buildActionMask = 2147483647;
			files = (
				09C8CD901E0AD7A10097D674 /* UdemyAcordesUITests.swift in Sources */,
			);
			runOnlyForDeploymentPostprocessing = 0;
		};
/* End PBXSourcesBuildPhase section */

/* Begin PBXTargetDependency section */
		09C8CD821E0AD7A10097D674 /* PBXTargetDependency */ = {
			isa = PBXTargetDependency;
			target = 09C8CD681E0AD7A10097D674 /* UdemyAcordes */;
			targetProxy = 09C8CD811E0AD7A10097D674 /* PBXContainerItemProxy */;
		};
		09C8CD8D1E0AD7A10097D674 /* PBXTargetDependency */ = {
			isa = PBXTargetDependency;
			target = 09C8CD681E0AD7A10097D674 /* UdemyAcordes */;
			targetProxy = 09C8CD8C1E0AD7A10097D674 /* PBXContainerItemProxy */;
		};
/* End PBXTargetDependency section */

/* Begin PBXVariantGroup section */
		09C8CD701E0AD7A10097D674 /* Main.storyboard */ = {
			isa = PBXVariantGroup;
			children = (
				09C8CD711E0AD7A10097D674 /* Base */,
			);
			name = Main.storyboard;
			sourceTree = "<group>";
		};
		09C8CD781E0AD7A10097D674 /* LaunchScreen.storyboard */ = {
			isa = PBXVariantGroup;
			children = (
				09C8CD791E0AD7A10097D674 /* Base */,
			);
			name = LaunchScreen.storyboard;
			sourceTree = "<group>";
		};
/* End PBXVariantGroup section */

/* Begin XCBuildConfiguration section */
		09C8CD921E0AD7A10097D674 /* Debug */ = {
			isa = XCBuildConfiguration;
			buildSettings = {
				ALWAYS_SEARCH_USER_PATHS = NO;
				CLANG_ANALYZER_NONNULL = YES;
				CLANG_CXX_LANGUAGE_STANDARD = "gnu++0x";
				CLANG_CXX_LIBRARY = "libc++";
				CLANG_ENABLE_MODULES = YES;
				CLANG_ENABLE_OBJC_ARC = YES;
				CLANG_WARN_BOOL_CONVERSION = YES;
				CLANG_WARN_CONSTANT_CONVERSION = YES;
				CLANG_WARN_DIRECT_OBJC_ISA_USAGE = YES_ERROR;
				CLANG_WARN_DOCUMENTATION_COMMENTS = YES;
				CLANG_WARN_EMPTY_BODY = YES;
				CLANG_WARN_ENUM_CONVERSION = YES;
				CLANG_WARN_INFINITE_RECURSION = YES;
				CLANG_WARN_INT_CONVERSION = YES;
				CLANG_WARN_OBJC_ROOT_CLASS = YES_ERROR;
				CLANG_WARN_SUSPICIOUS_MOVE = YES;
				CLANG_WARN_UNREACHABLE_CODE = YES;
				CLANG_WARN__DUPLICATE_METHOD_MATCH = YES;
				"CODE_SIGN_IDENTITY[sdk=iphoneos*]" = "iPhone Developer";
				COPY_PHASE_STRIP = NO;
				DEBUG_INFORMATION_FORMAT = dwarf;
				ENABLE_STRICT_OBJC_MSGSEND = YES;
				ENABLE_TESTABILITY = YES;
				GCC_C_LANGUAGE_STANDARD = gnu99;
				GCC_DYNAMIC_NO_PIC = NO;
				GCC_NO_COMMON_BLOCKS = YES;
				GCC_OPTIMIZATION_LEVEL = 0;
				GCC_PREPROCESSOR_DEFINITIONS = (
					"DEBUG=1",
					"$(inherited)",
				);
				GCC_WARN_64_TO_32_BIT_CONVERSION = YES;
				GCC_WARN_ABOUT_RETURN_TYPE = YES_ERROR;
				GCC_WARN_UNDECLARED_SELECTOR = YES;
				GCC_WARN_UNINITIALIZED_AUTOS = YES_AGGRESSIVE;
				GCC_WARN_UNUSED_FUNCTION = YES;
				GCC_WARN_UNUSED_VARIABLE = YES;
				IPHONEOS_DEPLOYMENT_TARGET = 10.2;
				MTL_ENABLE_DEBUG_INFO = YES;
				ONLY_ACTIVE_ARCH = YES;
				SDKROOT = iphoneos;
				SWIFT_ACTIVE_COMPILATION_CONDITIONS = DEBUG;
				SWIFT_OPTIMIZATION_LEVEL = "-Onone";
			};
			name = Debug;
		};
		09C8CD931E0AD7A10097D674 /* Release */ = {
			isa = XCBuildConfiguration;
			buildSettings = {
				ALWAYS_SEARCH_USER_PATHS = NO;
				CLANG_ANALYZER_NONNULL = YES;
				CLANG_CXX_LANGUAGE_STANDARD = "gnu++0x";
				CLANG_CXX_LIBRARY = "libc++";
				CLANG_ENABLE_MODULES = YES;
				CLANG_ENABLE_OBJC_ARC = YES;
				CLANG_WARN_BOOL_CONVERSION = YES;
				CLANG_WARN_CONSTANT_CONVERSION = YES;
				CLANG_WARN_DIRECT_OBJC_ISA_USAGE = YES_ERROR;
				CLANG_WARN_DOCUMENTATION_COMMENTS = YES;
				CLANG_WARN_EMPTY_BODY = YES;
				CLANG_WARN_ENUM_CONVERSION = YES;
				CLANG_WARN_INFINITE_RECURSION = YES;
				CLANG_WARN_INT_CONVERSION = YES;
				CLANG_WARN_OBJC_ROOT_CLASS = YES_ERROR;
				CLANG_WARN_SUSPICIOUS_MOVE = YES;
				CLANG_WARN_UNREACHABLE_CODE = YES;
				CLANG_WARN__DUPLICATE_METHOD_MATCH = YES;
				"CODE_SIGN_IDENTITY[sdk=iphoneos*]" = "iPhone Developer";
				COPY_PHASE_STRIP = NO;
				DEBUG_INFORMATION_FORMAT = "dwarf-with-dsym";
				ENABLE_NS_ASSERTIONS = NO;
				ENABLE_STRICT_OBJC_MSGSEND = YES;
				GCC_C_LANGUAGE_STANDARD = gnu99;
				GCC_NO_COMMON_BLOCKS = YES;
				GCC_WARN_64_TO_32_BIT_CONVERSION = YES;
				GCC_WARN_ABOUT_RETURN_TYPE = YES_ERROR;
				GCC_WARN_UNDECLARED_SELECTOR = YES;
				GCC_WARN_UNINITIALIZED_AUTOS = YES_AGGRESSIVE;
				GCC_WARN_UNUSED_FUNCTION = YES;
				GCC_WARN_UNUSED_VARIABLE = YES;
				IPHONEOS_DEPLOYMENT_TARGET = 10.2;
				MTL_ENABLE_DEBUG_INFO = NO;
				SDKROOT = iphoneos;
				SWIFT_OPTIMIZATION_LEVEL = "-Owholemodule";
				VALIDATE_PRODUCT = YES;
			};
			name = Release;
		};
		09C8CD951E0AD7A10097D674 /* Debug */ = {
			isa = XCBuildConfiguration;
			buildSettings = {
				ASSETCATALOG_COMPILER_APPICON_NAME = AppIcon;
				DEVELOPMENT_TEAM = MSY85QY2GC;
				INFOPLIST_FILE = UdemyAcordes/Info.plist;
				LD_RUNPATH_SEARCH_PATHS = "$(inherited) @executable_path/Frameworks";
				PRODUCT_BUNDLE_IDENTIFIER = com.bearcreekmining.UdemyAcordes;
				PRODUCT_NAME = "$(TARGET_NAME)";
				SWIFT_VERSION = 3.0;
			};
			name = Debug;
		};
		09C8CD961E0AD7A10097D674 /* Release */ = {
			isa = XCBuildConfiguration;
			buildSettings = {
				ASSETCATALOG_COMPILER_APPICON_NAME = AppIcon;
				DEVELOPMENT_TEAM = MSY85QY2GC;
				INFOPLIST_FILE = UdemyAcordes/Info.plist;
				LD_RUNPATH_SEARCH_PATHS = "$(inherited) @executable_path/Frameworks";
				PRODUCT_BUNDLE_IDENTIFIER = com.bearcreekmining.UdemyAcordes;
				PRODUCT_NAME = "$(TARGET_NAME)";
				SWIFT_VERSION = 3.0;
			};
			name = Release;
		};
		09C8CD981E0AD7A10097D674 /* Debug */ = {
			isa = XCBuildConfiguration;
			buildSettings = {
				ALWAYS_EMBED_SWIFT_STANDARD_LIBRARIES = YES;
				BUNDLE_LOADER = "$(TEST_HOST)";
				DEVELOPMENT_TEAM = MSY85QY2GC;
				INFOPLIST_FILE = UdemyAcordesTests/Info.plist;
				LD_RUNPATH_SEARCH_PATHS = "$(inherited) @executable_path/Frameworks @loader_path/Frameworks";
				PRODUCT_BUNDLE_IDENTIFIER = com.bearcreekmining.UdemyAcordesTests;
				PRODUCT_NAME = "$(TARGET_NAME)";
				SWIFT_VERSION = 3.0;
				TEST_HOST = "$(BUILT_PRODUCTS_DIR)/UdemyAcordes.app/UdemyAcordes";
			};
			name = Debug;
		};
		09C8CD991E0AD7A10097D674 /* Release */ = {
			isa = XCBuildConfiguration;
			buildSettings = {
				ALWAYS_EMBED_SWIFT_STANDARD_LIBRARIES = YES;
				BUNDLE_LOADER = "$(TEST_HOST)";
				DEVELOPMENT_TEAM = MSY85QY2GC;
				INFOPLIST_FILE = UdemyAcordesTests/Info.plist;
				LD_RUNPATH_SEARCH_PATHS = "$(inherited) @executable_path/Frameworks @loader_path/Frameworks";
				PRODUCT_BUNDLE_IDENTIFIER = com.bearcreekmining.UdemyAcordesTests;
				PRODUCT_NAME = "$(TARGET_NAME)";
				SWIFT_VERSION = 3.0;
				TEST_HOST = "$(BUILT_PRODUCTS_DIR)/UdemyAcordes.app/UdemyAcordes";
			};
			name = Release;
		};
		09C8CD9B1E0AD7A10097D674 /* Debug */ = {
			isa = XCBuildConfiguration;
			buildSettings = {
				ALWAYS_EMBED_SWIFT_STANDARD_LIBRARIES = YES;
				DEVELOPMENT_TEAM = MSY85QY2GC;
				INFOPLIST_FILE = UdemyAcordesUITests/Info.plist;
				LD_RUNPATH_SEARCH_PATHS = "$(inherited) @executable_path/Frameworks @loader_path/Frameworks";
				PRODUCT_BUNDLE_IDENTIFIER = com.bearcreekmining.UdemyAcordesUITests;
				PRODUCT_NAME = "$(TARGET_NAME)";
				SWIFT_VERSION = 3.0;
				TEST_TARGET_NAME = UdemyAcordes;
			};
			name = Debug;
		};
		09C8CD9C1E0AD7A10097D674 /* Release */ = {
			isa = XCBuildConfiguration;
			buildSettings = {
				ALWAYS_EMBED_SWIFT_STANDARD_LIBRARIES = YES;
				DEVELOPMENT_TEAM = MSY85QY2GC;
				INFOPLIST_FILE = UdemyAcordesUITests/Info.plist;
				LD_RUNPATH_SEARCH_PATHS = "$(inherited) @executable_path/Frameworks @loader_path/Frameworks";
				PRODUCT_BUNDLE_IDENTIFIER = com.bearcreekmining.UdemyAcordesUITests;
				PRODUCT_NAME = "$(TARGET_NAME)";
				SWIFT_VERSION = 3.0;
				TEST_TARGET_NAME = UdemyAcordes;
			};
			name = Release;
		};
/* End XCBuildConfiguration section */

/* Begin XCConfigurationList section */
		09C8CD641E0AD7A10097D674 /* Build configuration list for PBXProject "UdemyAcordes" */ = {
			isa = XCConfigurationList;
			buildConfigurations = (
				09C8CD921E0AD7A10097D674 /* Debug */,
				09C8CD931E0AD7A10097D674 /* Release */,
			);
			defaultConfigurationIsVisible = 0;
			defaultConfigurationName = Release;
		};
		09C8CD941E0AD7A10097D674 /* Build configuration list for PBXNativeTarget "UdemyAcordes" */ = {
			isa = XCConfigurationList;
			buildConfigurations = (
				09C8CD951E0AD7A10097D674 /* Debug */,
				09C8CD961E0AD7A10097D674 /* Release */,
			);
			defaultConfigurationIsVisible = 0;
		};
		09C8CD971E0AD7A10097D674 /* Build configuration list for PBXNativeTarget "UdemyAcordesTests" */ = {
			isa = XCConfigurationList;
			buildConfigurations = (
				09C8CD981E0AD7A10097D674 /* Debug */,
				09C8CD991E0AD7A10097D674 /* Release */,
			);
			defaultConfigurationIsVisible = 0;
		};
		09C8CD9A1E0AD7A10097D674 /* Build configuration list for PBXNativeTarget "UdemyAcordesUITests" */ = {
			isa = XCConfigurationList;
			buildConfigurations = (
				09C8CD9B1E0AD7A10097D674 /* Debug */,
				09C8CD9C1E0AD7A10097D674 /* Release */,
			);
			defaultConfigurationIsVisible = 0;
		};
/* End XCConfigurationList section */

/* Begin XCVersionGroup section */
		09C8CD731E0AD7A10097D674 /* UdemyAcordes.xcdatamodeld */ = {
			isa = XCVersionGroup;
			children = (
				09C8CD741E0AD7A10097D674 /* UdemyAcordes.xcdatamodel */,
			);
			currentVersion = 09C8CD741E0AD7A10097D674 /* UdemyAcordes.xcdatamodel */;
			path = UdemyAcordes.xcdatamodeld;
			sourceTree = "<group>";
			versionGroupType = wrapper.xcdatamodel;
		};
/* End XCVersionGroup section */
	};
	rootObject = 09C8CD611E0AD7A10097D674 /* Project object */;
}
